// !$*UTF8*$!
{
	archiveVersion = 1;
	classes = {
	};
	objectVersion = 46;
	objects = {

/* Begin PBXBuildFile section */
		284E77841A42D620000CEA69 /* VPAnimator.m in Sources */ = {isa = PBXBuildFile; fileRef = 284E777F1A42D620000CEA69 /* VPAnimator.m */; };
		284E77851A42D620000CEA69 /* VPContainerViewController.m in Sources */ = {isa = PBXBuildFile; fileRef = 284E77811A42D620000CEA69 /* VPContainerViewController.m */; };
		284E77861A42D620000CEA69 /* VPTransitionContext.m in Sources */ = {isa = PBXBuildFile; fileRef = 284E77831A42D620000CEA69 /* VPTransitionContext.m */; };
		28910C161A4155C400E20919 /* main.m in Sources */ = {isa = PBXBuildFile; fileRef = 28910C151A4155C400E20919 /* main.m */; };
		28910C191A4155C400E20919 /* AppDelegate.m in Sources */ = {isa = PBXBuildFile; fileRef = 28910C181A4155C400E20919 /* AppDelegate.m */; };
		28910C211A4155C400E20919 /* Images.xcassets in Resources */ = {isa = PBXBuildFile; fileRef = 28910C201A4155C400E20919 /* Images.xcassets */; };
		28910C241A4155C400E20919 /* LaunchScreen.xib in Resources */ = {isa = PBXBuildFile; fileRef = 28910C221A4155C400E20919 /* LaunchScreen.xib */; };
		28910C301A4155C400E20919 /* ContainerViewControllerTests.m in Sources */ = {isa = PBXBuildFile; fileRef = 28910C2F1A4155C400E20919 /* ContainerViewControllerTests.m */; };
		28910C3E1A41590800E20919 /* VPChildViewController.m in Sources */ = {isa = PBXBuildFile; fileRef = 28910C3D1A41590800E20919 /* VPChildViewController.m */; };
/* End PBXBuildFile section */

/* Begin PBXContainerItemProxy section */
		28910C2A1A4155C400E20919 /* PBXContainerItemProxy */ = {
			isa = PBXContainerItemProxy;
			containerPortal = 28910C081A4155C300E20919 /* Project object */;
			proxyType = 1;
			remoteGlobalIDString = 28910C0F1A4155C300E20919;
			remoteInfo = ContainerViewController;
		};
/* End PBXContainerItemProxy section */

/* Begin PBXFileReference section */
		284E777E1A42D620000CEA69 /* VPAnimator.h */ = {isa = PBXFileReference; fileEncoding = 4; lastKnownFileType = sourcecode.c.h; path = VPAnimator.h; sourceTree = "<group>"; };
		284E777F1A42D620000CEA69 /* VPAnimator.m */ = {isa = PBXFileReference; fileEncoding = 4; lastKnownFileType = sourcecode.c.objc; path = VPAnimator.m; sourceTree = "<group>"; };
		284E77801A42D620000CEA69 /* VPContainerViewController.h */ = {isa = PBXFileReference; fileEncoding = 4; lastKnownFileType = sourcecode.c.h; path = VPContainerViewController.h; sourceTree = "<group>"; };
		284E77811A42D620000CEA69 /* VPContainerViewController.m */ = {isa = PBXFileReference; fileEncoding = 4; lastKnownFileType = sourcecode.c.objc; path = VPContainerViewController.m; sourceTree = "<group>"; };
		284E77821A42D620000CEA69 /* VPTransitionContext.h */ = {isa = PBXFileReference; fileEncoding = 4; lastKnownFileType = sourcecode.c.h; path = VPTransitionContext.h; sourceTree = "<group>"; };
		284E77831A42D620000CEA69 /* VPTransitionContext.m */ = {isa = PBXFileReference; fileEncoding = 4; lastKnownFileType = sourcecode.c.objc; path = VPTransitionContext.m; sourceTree = "<group>"; };
		28910C101A4155C300E20919 /* ContainerViewController.app */ = {isa = PBXFileReference; explicitFileType = wrapper.application; includeInIndex = 0; path = ContainerViewController.app; sourceTree = BUILT_PRODUCTS_DIR; };
		28910C141A4155C400E20919 /* Info.plist */ = {isa = PBXFileReference; lastKnownFileType = text.plist.xml; path = Info.plist; sourceTree = "<group>"; };
		28910C151A4155C400E20919 /* main.m */ = {isa = PBXFileReference; lastKnownFileType = sourcecode.c.objc; path = main.m; sourceTree = "<group>"; };
		28910C171A4155C400E20919 /* AppDelegate.h */ = {isa = PBXFileReference; lastKnownFileType = sourcecode.c.h; path = AppDelegate.h; sourceTree = "<group>"; };
		28910C181A4155C400E20919 /* AppDelegate.m */ = {isa = PBXFileReference; lastKnownFileType = sourcecode.c.objc; path = AppDelegate.m; sourceTree = "<group>"; };
		28910C201A4155C400E20919 /* Images.xcassets */ = {isa = PBXFileReference; lastKnownFileType = folder.assetcatalog; path = Images.xcassets; sourceTree = "<group>"; };
		28910C231A4155C400E20919 /* Base */ = {isa = PBXFileReference; lastKnownFileType = file.xib; name = Base; path = Base.lproj/LaunchScreen.xib; sourceTree = "<group>"; };
		28910C291A4155C400E20919 /* ContainerViewControllerTests.xctest */ = {isa = PBXFileReference; explicitFileType = wrapper.cfbundle; includeInIndex = 0; path = ContainerViewControllerTests.xctest; sourceTree = BUILT_PRODUCTS_DIR; };
		28910C2E1A4155C400E20919 /* Info.plist */ = {isa = PBXFileReference; lastKnownFileType = text.plist.xml; path = Info.plist; sourceTree = "<group>"; };
		28910C2F1A4155C400E20919 /* ContainerViewControllerTests.m */ = {isa = PBXFileReference; lastKnownFileType = sourcecode.c.objc; path = ContainerViewControllerTests.m; sourceTree = "<group>"; };
		28910C3C1A41590800E20919 /* VPChildViewController.h */ = {isa = PBXFileReference; fileEncoding = 4; lastKnownFileType = sourcecode.c.h; path = VPChildViewController.h; sourceTree = "<group>"; };
		28910C3D1A41590800E20919 /* VPChildViewController.m */ = {isa = PBXFileReference; fileEncoding = 4; lastKnownFileType = sourcecode.c.objc; path = VPChildViewController.m; sourceTree = "<group>"; };
/* End PBXFileReference section */

/* Begin PBXFrameworksBuildPhase section */
		28910C0D1A4155C300E20919 /* Frameworks */ = {
			isa = PBXFrameworksBuildPhase;
			buildActionMask = 2147483647;
			files = (
			);
			runOnlyForDeploymentPostprocessing = 0;
		};
		28910C261A4155C400E20919 /* Frameworks */ = {
			isa = PBXFrameworksBuildPhase;
			buildActionMask = 2147483647;
			files = (
			);
			runOnlyForDeploymentPostprocessing = 0;
		};
/* End PBXFrameworksBuildPhase section */

/* Begin PBXGroup section */
		284E777D1A42D620000CEA69 /* VPContainerViewController */ = {
			isa = PBXGroup;
			children = (
				284E777E1A42D620000CEA69 /* VPAnimator.h */,
				284E777F1A42D620000CEA69 /* VPAnimator.m */,
				284E77801A42D620000CEA69 /* VPContainerViewController.h */,
				284E77811A42D620000CEA69 /* VPContainerViewController.m */,
				284E77821A42D620000CEA69 /* VPTransitionContext.h */,
				284E77831A42D620000CEA69 /* VPTransitionContext.m */,
			);
			path = VPContainerViewController;
			sourceTree = "<group>";
		};
		28910C071A4155C300E20919 = {
			isa = PBXGroup;
			children = (
				28910C121A4155C300E20919 /* ContainerViewController */,
				28910C2C1A4155C400E20919 /* ContainerViewControllerTests */,
				28910C111A4155C300E20919 /* Products */,
			);
			sourceTree = "<group>";
		};
		28910C111A4155C300E20919 /* Products */ = {
			isa = PBXGroup;
			children = (
				28910C101A4155C300E20919 /* ContainerViewController.app */,
				28910C291A4155C400E20919 /* ContainerViewControllerTests.xctest */,
			);
			name = Products;
			sourceTree = "<group>";
		};
		28910C121A4155C300E20919 /* ContainerViewController */ = {
			isa = PBXGroup;
			children = (
				284E777D1A42D620000CEA69 /* VPContainerViewController */,
				28910C171A4155C400E20919 /* AppDelegate.h */,
				28910C181A4155C400E20919 /* AppDelegate.m */,
				28910C3C1A41590800E20919 /* VPChildViewController.h */,
				28910C3D1A41590800E20919 /* VPChildViewController.m */,
				28910C201A4155C400E20919 /* Images.xcassets */,
				28910C221A4155C400E20919 /* LaunchScreen.xib */,
				28910C131A4155C400E20919 /* Supporting Files */,
			);
			path = ContainerViewController;
			sourceTree = "<group>";
		};
		28910C131A4155C400E20919 /* Supporting Files */ = {
			isa = PBXGroup;
			children = (
				28910C141A4155C400E20919 /* Info.plist */,
				28910C151A4155C400E20919 /* main.m */,
			);
			name = "Supporting Files";
			sourceTree = "<group>";
		};
		28910C2C1A4155C400E20919 /* ContainerViewControllerTests */ = {
			isa = PBXGroup;
			children = (
				28910C2F1A4155C400E20919 /* ContainerViewControllerTests.m */,
				28910C2D1A4155C400E20919 /* Supporting Files */,
			);
			path = ContainerViewControllerTests;
			sourceTree = "<group>";
		};
		28910C2D1A4155C400E20919 /* Supporting Files */ = {
			isa = PBXGroup;
			children = (
				28910C2E1A4155C400E20919 /* Info.plist */,
			);
			name = "Supporting Files";
			sourceTree = "<group>";
		};
/* End PBXGroup section */

/* Begin PBXNativeTarget section */
		28910C0F1A4155C300E20919 /* ContainerViewController */ = {
			isa = PBXNativeTarget;
			buildConfigurationList = 28910C331A4155C400E20919 /* Build configuration list for PBXNativeTarget "ContainerViewController" */;
			buildPhases = (
				28910C0C1A4155C300E20919 /* Sources */,
				28910C0D1A4155C300E20919 /* Frameworks */,
				28910C0E1A4155C300E20919 /* Resources */,
			);
			buildRules = (
			);
			dependencies = (
			);
			name = ContainerViewController;
			productName = ContainerViewController;
			productReference = 28910C101A4155C300E20919 /* ContainerViewController.app */;
			productType = "com.apple.product-type.application";
		};
		28910C281A4155C400E20919 /* ContainerViewControllerTests */ = {
			isa = PBXNativeTarget;
			buildConfigurationList = 28910C361A4155C400E20919 /* Build configuration list for PBXNativeTarget "ContainerViewControllerTests" */;
			buildPhases = (
				28910C251A4155C400E20919 /* Sources */,
				28910C261A4155C400E20919 /* Frameworks */,
				28910C271A4155C400E20919 /* Resources */,
			);
			buildRules = (
			);
			dependencies = (
				28910C2B1A4155C400E20919 /* PBXTargetDependency */,
			);
			name = ContainerViewControllerTests;
			productName = ContainerViewControllerTests;
			productReference = 28910C291A4155C400E20919 /* ContainerViewControllerTests.xctest */;
			productType = "com.apple.product-type.bundle.unit-test";
		};
/* End PBXNativeTarget section */

/* Begin PBXProject section */
		28910C081A4155C300E20919 /* Project object */ = {
			isa = PBXProject;
			attributes = {
				CLASSPREFIX = VP;
				LastUpgradeCheck = 0610;
				ORGANIZATIONNAME = shengxi;
				TargetAttributes = {
					28910C0F1A4155C300E20919 = {
						CreatedOnToolsVersion = 6.1;
					};
					28910C281A4155C400E20919 = {
						CreatedOnToolsVersion = 6.1;
						TestTargetID = 28910C0F1A4155C300E20919;
					};
				};
			};
			buildConfigurationList = 28910C0B1A4155C300E20919 /* Build configuration list for PBXProject "ContainerViewController" */;
			compatibilityVersion = "Xcode 3.2";
			developmentRegion = English;
			hasScannedForEncodings = 0;
			knownRegions = (
				en,
				Base,
			);
			mainGroup = 28910C071A4155C300E20919;
			productRefGroup = 28910C111A4155C300E20919 /* Products */;
			projectDirPath = "";
			projectRoot = "";
			targets = (
				28910C0F1A4155C300E20919 /* ContainerViewController */,
				28910C281A4155C400E20919 /* ContainerViewControllerTests */,
			);
		};
/* End PBXProject section */

/* Begin PBXResourcesBuildPhase section */
		28910C0E1A4155C300E20919 /* Resources */ = {
			isa = PBXResourcesBuildPhase;
			buildActionMask = 2147483647;
			files = (
				28910C241A4155C400E20919 /* LaunchScreen.xib in Resources */,
				28910C211A4155C400E20919 /* Images.xcassets in Resources */,
			);
			runOnlyForDeploymentPostprocessing = 0;
		};
		28910C271A4155C400E20919 /* Resources */ = {
			isa = PBXResourcesBuildPhase;
			buildActionMask = 2147483647;
			files = (
			);
			runOnlyForDeploymentPostprocessing = 0;
		};
/* End PBXResourcesBuildPhase section */

/* Begin PBXSourcesBuildPhase section */
		28910C0C1A4155C300E20919 /* Sources */ = {
			isa = PBXSourcesBuildPhase;
			buildActionMask = 2147483647;
			files = (
				284E77861A42D620000CEA69 /* VPTransitionContext.m in Sources */,
				284E77851A42D620000CEA69 /* VPContainerViewController.m in Sources */,
				284E77841A42D620000CEA69 /* VPAnimator.m in Sources */,
				28910C191A4155C400E20919 /* AppDelegate.m in Sources */,
				28910C161A4155C400E20919 /* main.m in Sources */,
				28910C3E1A41590800E20919 /* VPChildViewController.m in Sources */,
			);
			runOnlyForDeploymentPostprocessing = 0;
		};
		28910C251A4155C400E20919 /* Sources */ = {
			isa = PBXSourcesBuildPhase;
			buildActionMask = 2147483647;
			files = (
				28910C301A4155C400E20919 /* ContainerViewControllerTests.m in Sources */,
			);
			runOnlyForDeploymentPostprocessing = 0;
		};
/* End PBXSourcesBuildPhase section */

/* Begin PBXTargetDependency section */
		28910C2B1A4155C400E20919 /* PBXTargetDependency */ = {
			isa = PBXTargetDependency;
			target = 28910C0F1A4155C300E20919 /* ContainerViewController */;
			targetProxy = 28910C2A1A4155C400E20919 /* PBXContainerItemProxy */;
		};
/* End PBXTargetDependency section */

/* Begin PBXVariantGroup section */
		28910C221A4155C400E20919 /* LaunchScreen.xib */ = {
			isa = PBXVariantGroup;
			children = (
				28910C231A4155C400E20919 /* Base */,
			);
			name = LaunchScreen.xib;
			sourceTree = "<group>";
		};
/* End PBXVariantGroup section */

/* Begin XCBuildConfiguration section */
		28910C311A4155C400E20919 /* Debug */ = {
			isa = XCBuildConfiguration;
			buildSettings = {
				ALWAYS_SEARCH_USER_PATHS = NO;
				CLANG_CXX_LANGUAGE_STANDARD = "gnu++0x";
				CLANG_CXX_LIBRARY = "libc++";
				CLANG_ENABLE_MODULES = YES;
				CLANG_ENABLE_OBJC_ARC = YES;
				CLANG_WARN_BOOL_CONVERSION = YES;
				CLANG_WARN_CONSTANT_CONVERSION = YES;
				CLANG_WARN_DIRECT_OBJC_ISA_USAGE = YES_ERROR;
				CLANG_WARN_EMPTY_BODY = YES;
				CLANG_WARN_ENUM_CONVERSION = YES;
				CLANG_WARN_INT_CONVERSION = YES;
				CLANG_WARN_OBJC_ROOT_CLASS = YES_ERROR;
				CLANG_WARN_UNREACHABLE_CODE = YES;
				CLANG_WARN__DUPLICATE_METHOD_MATCH = YES;
				"CODE_SIGN_IDENTITY[sdk=iphoneos*]" = "iPhone Developer";
				COPY_PHASE_STRIP = NO;
				ENABLE_STRICT_OBJC_MSGSEND = YES;
				GCC_C_LANGUAGE_STANDARD = gnu99;
				GCC_DYNAMIC_NO_PIC = NO;
				GCC_OPTIMIZATION_LEVEL = 0;
				GCC_PREPROCESSOR_DEFINITIONS = (
					"DEBUG=1",
					"$(inherited)",
				);
				GCC_SYMBOLS_PRIVATE_EXTERN = NO;
				GCC_WARN_64_TO_32_BIT_CONVERSION = YES;
				GCC_WARN_ABOUT_RETURN_TYPE = YES_ERROR;
				GCC_WARN_UNDECLARED_SELECTOR = YES;
				GCC_WARN_UNINITIALIZED_AUTOS = YES_AGGRESSIVE;
				GCC_WARN_UNUSED_FUNCTION = YES;
				GCC_WARN_UNUSED_VARIABLE = YES;
				IPHONEOS_DEPLOYMENT_TARGET = 8.1;
				MTL_ENABLE_DEBUG_INFO = YES;
				ONLY_ACTIVE_ARCH = YES;
				SDKROOT = iphoneos;
				TARGETED_DEVICE_FAMILY = "1,2";
			};
			name = Debug;
		};
		28910C321A4155C400E20919 /* Release */ = {
			isa = XCBuildConfiguration;
			buildSettings = {
				ALWAYS_SEARCH_USER_PATHS = NO;
				CLANG_CXX_LANGUAGE_STANDARD = "gnu++0x";
				CLANG_CXX_LIBRARY = "libc++";
				CLANG_ENABLE_MODULES = YES;
				CLANG_ENABLE_OBJC_ARC = YES;
				CLANG_WARN_BOOL_CONVERSION = YES;
				CLANG_WARN_CONSTANT_CONVERSION = YES;
				CLANG_WARN_DIRECT_OBJC_ISA_USAGE = YES_ERROR;
				CLANG_WARN_EMPTY_BODY = YES;
				CLANG_WARN_ENUM_CONVERSION = YES;
				CLANG_WARN_INT_CONVERSION = YES;
				CLANG_WARN_OBJC_ROOT_CLASS = YES_ERROR;
				CLANG_WARN_UNREACHABLE_CODE = YES;
				CLANG_WARN__DUPLICATE_METHOD_MATCH = YES;
				"CODE_SIGN_IDENTITY[sdk=iphoneos*]" = "iPhone Developer";
				COPY_PHASE_STRIP = YES;
				ENABLE_NS_ASSERTIONS = NO;
				ENABLE_STRICT_OBJC_MSGSEND = YES;
				GCC_C_LANGUAGE_STANDARD = gnu99;
				GCC_WARN_64_TO_32_BIT_CONVERSION = YES;
				GCC_WARN_ABOUT_RETURN_TYPE = YES_ERROR;
				GCC_WARN_UNDECLARED_SELECTOR = YES;
				GCC_WARN_UNINITIALIZED_AUTOS = YES_AGGRESSIVE;
				GCC_WARN_UNUSED_FUNCTION = YES;
				GCC_WARN_UNUSED_VARIABLE = YES;
				IPHONEOS_DEPLOYMENT_TARGET = 8.1;
				MTL_ENABLE_DEBUG_INFO = NO;
				SDKROOT = iphoneos;
				TARGETED_DEVICE_FAMILY = "1,2";
				VALIDATE_PRODUCT = YES;
			};
			name = Release;
		};
		28910C341A4155C400E20919 /* Debug */ = {
			isa = XCBuildConfiguration;
			buildSettings = {
				ASSETCATALOG_COMPILER_APPICON_NAME = AppIcon;
				INFOPLIST_FILE = ContainerViewController/Info.plist;
				LD_RUNPATH_SEARCH_PATHS = "$(inherited) @executable_path/Frameworks";
				PRODUCT_NAME = "$(TARGET_NAME)";
			};
			name = Debug;
		};
		28910C351A4155C400E20919 /* Release */ = {
			isa = XCBuildConfiguration;
			buildSettings = {
				ASSETCATALOG_COMPILER_APPICON_NAME = AppIcon;
				INFOPLIST_FILE = ContainerViewController/Info.plist;
				LD_RUNPATH_SEARCH_PATHS = "$(inherited) @executable_path/Frameworks";
				PRODUCT_NAME = "$(TARGET_NAME)";
			};
			name = Release;
		};
		28910C371A4155C400E20919 /* Debug */ = {
			isa = XCBuildConfiguration;
			buildSettings = {
				BUNDLE_LOADER = "$(TEST_HOST)";
				FRAMEWORK_SEARCH_PATHS = (
					"$(SDKROOT)/Developer/Library/Frameworks",
					"$(inherited)",
				);
				GCC_PREPROCESSOR_DEFINITIONS = (
					"DEBUG=1",
					"$(inherited)",
				);
				INFOPLIST_FILE = ContainerViewControllerTests/Info.plist;
				LD_RUNPATH_SEARCH_PATHS = "$(inherited) @executable_path/Frameworks @loader_path/Frameworks";
				PRODUCT_NAME = "$(TARGET_NAME)";
				TEST_HOST = "$(BUILT_PRODUCTS_DIR)/ContainerViewController.app/ContainerViewController";
			};
			name = Debug;
		};
		28910C381A4155C400E20919 /* Release */ = {
			isa = XCBuildConfiguration;
			buildSettings = {
				BUNDLE_LOADER = "$(TEST_HOST)";
				FRAMEWORK_SEARCH_PATHS = (
					"$(SDKROOT)/Developer/Library/Frameworks",
					"$(inherited)",
				);
				INFOPLIST_FILE = ContainerViewControllerTests/Info.plist;
				LD_RUNPATH_SEARCH_PATHS = "$(inherited) @executable_path/Frameworks @loader_path/Frameworks";
				PRODUCT_NAME = "$(TARGET_NAME)";
				TEST_HOST = "$(BUILT_PRODUCTS_DIR)/ContainerViewController.app/ContainerViewController";
			};
			name = Release;
		};
/* End XCBuildConfiguration section */

/* Begin XCConfigurationList section */
		28910C0B1A4155C300E20919 /* Build configuration list for PBXProject "ContainerViewController" */ = {
			isa = XCConfigurationList;
			buildConfigurations = (
				28910C311A4155C400E20919 /* Debug */,
				28910C321A4155C400E20919 /* Release */,
			);
			defaultConfigurationIsVisible = 0;
			defaultConfigurationName = Release;
		};
		28910C331A4155C400E20919 /* Build configuration list for PBXNativeTarget "ContainerViewController" */ = {
			isa = XCConfigurationList;
			buildConfigurations = (
				28910C341A4155C400E20919 /* Debug */,
				28910C351A4155C400E20919 /* Release */,
			);
			defaultConfigurationIsVisible = 0;
			defaultConfigurationName = Release;
		};
		28910C361A4155C400E20919 /* Build configuration list for PBXNativeTarget "ContainerViewControllerTests" */ = {
			isa = XCConfigurationList;
			buildConfigurations = (
				28910C371A4155C400E20919 /* Debug */,
				28910C381A4155C400E20919 /* Release */,
			);
			defaultConfigurationIsVisible = 0;
			defaultConfigurationName = Release;
		};
/* End XCConfigurationList section */
	};
	rootObject = 28910C081A4155C300E20919 /* Project object */;
}
